
Microsoft Visual Studio Solution File, Format Version 12.00
# Visual Studio Version 16
VisualStudioVersion = 16.0.30611.23
MinimumVisualStudioVersion = 10.0.40219.1
Project("{FAE04EC0-301F-11D3-BF4B-00C04F79EFBC}") = "cicdfirst", "cicdfirst\cicdfirst.csproj", "{EEACF989-CFBF-4E41-9DFA-FA32A15430F8}"
EndProject
Global
	GlobalSection(SolutionConfigurationPlatforms) = preSolution
		Debug|Any CPU = Debug|Any CPU
		Release|Any CPU = Release|Any CPU
	EndGlobalSection
	GlobalSection(ProjectConfigurationPlatforms) = postSolution
		{EEACF989-CFBF-4E41-9DFA-FA32A15430F8}.Debug|Any CPU.ActiveCfg = Debug|Any CPU
		{EEACF989-CFBF-4E41-9DFA-FA32A15430F8}.Debug|Any CPU.Build.0 = Debug|Any CPU
		{EEACF989-CFBF-4E41-9DFA-FA32A15430F8}.Release|Any CPU.ActiveCfg = Release|Any CPU
		{EEACF989-CFBF-4E41-9DFA-FA32A15430F8}.Release|Any CPU.Build.0 = Release|Any CPU
	EndGlobalSection
	GlobalSection(SolutionProperties) = preSolution
		HideSolutionNode = FALSE
	EndGlobalSection
	GlobalSection(ExtensibilityGlobals) = postSolution
		SolutionGuid = {56A82508-0062-495A-B90E-ECF121803BE3}
	EndGlobalSection
EndGlobal
